cloud.google.com/go/pubsub v1.30.0/go.mod h1:qWi1OPS0B+b5L+Sg6Gmc9zD1Y+HaM0MdUr7LsupY1P4=
cloud.google.com/go/pubsub v1.33.0/go.mod h1:f+w71I33OMyxf9VpMVcZbnG5KSUkCOUHYpFd5U1GdRc=
github.com/apache/beam/sdks/v2 v2.47.0/go.mod h1:n8ybxT4OltLeoykTV8CGg/xQ1yrUJw13aJRkQY36lE8=
github.com/apache/beam/sdks/v2 v2.50.0 h1:5/VM4TPRBk8KKU3t/nKWIUGbNiLZRMusFPxtMY8Op4w=
github.com/apache/beam/sdks/v2 v2.50.0/go.mod h1:l8zcwQ8ZBMI1zgvA/iI9k9+EaapvAchruwtT1Jxz/ow=
github.com/golang/protobuf v1.5.0/go.mod h1:FsONVRAS9T7sI+LIUmWTfcYkHO4aIWwzhcaSAoJOfIk=
github.com/golang/protobuf v1.5.3/go.mod h1:XVQd3VNwM+JqD3oG2Ue2ip4fOMUkwXdXDdiuN0vRsmY=
github.com/google/go-cmp v0.5.5/go.mod h1:v8dTdLbMG2kIc/vJvl+f65V22dbkXbowE6jgT/gNBxE=
golang.org/x/xerrors v0.0.0-20191204190536-9bdfabe68543/go.mod h1:I/5z698sn9Ka8TeJc9MKroUUfqBBauWjQqLJ2OPfmY0=
google.golang.org/protobuf v1.26.0-rc.1/go.mod h1:jlhhOSvTdKEhbULTjvd4ARK9grFBp09yW+WbY/TyQbw=
google.golang.org/protobuf v1.26.0/go.mod h1:9q0QmTI4eRPtz6boOQmLYwt+qCgq0jsYwAQnmE0givc=
google.golang.org/protobuf v1.30.0/go.mod h1:HV8QOd/L58Z+nl8r43ehVNZIU/HEI6OcFqwMG9pJV4I=
google.golang.org/protobuf v1.31.0/go.mod h1:HV8QOd/L58Z+nl8r43ehVNZIU/HEI6OcFqwMG9pJV4I=
